
Microsoft Visual Studio Solution File, Format Version 12.00
# Visual Studio Version 16
VisualStudioVersion = 16.0.29326.143
MinimumVisualStudioVersion = 10.0.40219.1
Project("{9A19103F-16F7-4668-BE54-9A1E7A4F7556}") = "SpotIt.Server", "Server\SpotIt.Server.csproj", "{4EC3767D-9053-4B7B-B521-001411B5FB41}"
EndProject
Project("{9A19103F-16F7-4668-BE54-9A1E7A4F7556}") = "SpotIt.Client", "Client\SpotIt.Client.csproj", "{D01B5A58-3490-49AE-B3DA-958751B81BF2}"
EndProject
Project("{9A19103F-16F7-4668-BE54-9A1E7A4F7556}") = "SpotIt.Shared", "Shared\SpotIt.Shared.csproj", "{B2DF2E53-8037-45DA-B5FB-A1FD06561F07}"
EndProject
Global
	GlobalSection(SolutionConfigurationPlatforms) = preSolution
		Debug|Any CPU = Debug|Any CPU
		Release|Any CPU = Release|Any CPU
	EndGlobalSection
	GlobalSection(ProjectConfigurationPlatforms) = postSolution
		{4EC3767D-9053-4B7B-B521-001411B5FB41}.Debug|Any CPU.ActiveCfg = Debug|Any CPU
		{4EC3767D-9053-4B7B-B521-001411B5FB41}.Debug|Any CPU.Build.0 = Debug|Any CPU
		{4EC3767D-9053-4B7B-B521-001411B5FB41}.Release|Any CPU.ActiveCfg = Release|Any CPU
		{4EC3767D-9053-4B7B-B521-001411B5FB41}.Release|Any CPU.Build.0 = Release|Any CPU
		{D01B5A58-3490-49AE-B3DA-958751B81BF2}.Debug|Any CPU.ActiveCfg = Debug|Any CPU
		{D01B5A58-3490-49AE-B3DA-958751B81BF2}.Debug|Any CPU.Build.0 = Debug|Any CPU
		{D01B5A58-3490-49AE-B3DA-958751B81BF2}.Release|Any CPU.ActiveCfg = Release|Any CPU
		{D01B5A58-3490-49AE-B3DA-958751B81BF2}.Release|Any CPU.Build.0 = Release|Any CPU
		{B2DF2E53-8037-45DA-B5FB-A1FD06561F07}.Debug|Any CPU.ActiveCfg = Debug|Any CPU
		{B2DF2E53-8037-45DA-B5FB-A1FD06561F07}.Debug|Any CPU.Build.0 = Debug|Any CPU
		{B2DF2E53-8037-45DA-B5FB-A1FD06561F07}.Release|Any CPU.ActiveCfg = Release|Any CPU
		{B2DF2E53-8037-45DA-B5FB-A1FD06561F07}.Release|Any CPU.Build.0 = Release|Any CPU
	EndGlobalSection
	GlobalSection(SolutionProperties) = preSolution
		HideSolutionNode = FALSE
	EndGlobalSection
	GlobalSection(ExtensibilityGlobals) = postSolution
		SolutionGuid = {EE7CADD1-81CB-4212-9B8D-7E8B06D2A5E4}
	EndGlobalSection
EndGlobal
